
Microsoft Visual Studio Solution File, Format Version 12.00
# Visual Studio 15
Project("{FAE04EC0-301F-11D3-BF4B-00C04F79EFBC}") = "VuforiaScripts", "VuforiaScripts.csproj", "{B2579EE0-788B-C87C-5C5A-CE7C4BCF9767}"
EndProject
Project("{FAE04EC0-301F-11D3-BF4B-00C04F79EFBC}") = "Assembly-CSharp", "Assembly-CSharp.csproj", "{23735241-E26A-C4F8-AEF4-3129C72856A4}"
EndProject
Project("{FAE04EC0-301F-11D3-BF4B-00C04F79EFBC}") = "VuforiaEditorScripts", "VuforiaEditorScripts.csproj", "{66A39613-F138-8636-534C-F86BDBC2E9B8}"
EndProject
Global
	GlobalSection(SolutionConfigurationPlatforms) = preSolution
		Debug|Any CPU = Debug|Any CPU
		Release|Any CPU = Release|Any CPU
	EndGlobalSection
	GlobalSection(ProjectConfigurationPlatforms) = postSolution
		{B2579EE0-788B-C87C-5C5A-CE7C4BCF9767}.Debug|Any CPU.ActiveCfg = Debug|Any CPU
		{B2579EE0-788B-C87C-5C5A-CE7C4BCF9767}.Debug|Any CPU.Build.0 = Debug|Any CPU
		{B2579EE0-788B-C87C-5C5A-CE7C4BCF9767}.Release|Any CPU.ActiveCfg = Release|Any CPU
		{B2579EE0-788B-C87C-5C5A-CE7C4BCF9767}.Release|Any CPU.Build.0 = Release|Any CPU
		{23735241-E26A-C4F8-AEF4-3129C72856A4}.Debug|Any CPU.ActiveCfg = Debug|Any CPU
		{23735241-E26A-C4F8-AEF4-3129C72856A4}.Debug|Any CPU.Build.0 = Debug|Any CPU
		{23735241-E26A-C4F8-AEF4-3129C72856A4}.Release|Any CPU.ActiveCfg = Release|Any CPU
		{23735241-E26A-C4F8-AEF4-3129C72856A4}.Release|Any CPU.Build.0 = Release|Any CPU
		{66A39613-F138-8636-534C-F86BDBC2E9B8}.Debug|Any CPU.ActiveCfg = Debug|Any CPU
		{66A39613-F138-8636-534C-F86BDBC2E9B8}.Debug|Any CPU.Build.0 = Debug|Any CPU
		{66A39613-F138-8636-534C-F86BDBC2E9B8}.Release|Any CPU.ActiveCfg = Release|Any CPU
		{66A39613-F138-8636-534C-F86BDBC2E9B8}.Release|Any CPU.Build.0 = Release|Any CPU
	EndGlobalSection
	GlobalSection(SolutionProperties) = preSolution
		HideSolutionNode = FALSE
	EndGlobalSection
EndGlobal
